// !$*UTF8*$!
{
	archiveVersion = 1;
	classes = {
	};
	objectVersion = 50;
	objects = {

/* Begin PBXBuildFile section */
		25259D4D2722173100C280BE /* Spaceship.cpp in Sources */ = {isa = PBXBuildFile; fileRef = 25259D4B2722173100C280BE /* Spaceship.cpp */; };
		25259D502722180500C280BE /* Asteroid.cpp in Sources */ = {isa = PBXBuildFile; fileRef = 25259D4E2722180500C280BE /* Asteroid.cpp */; };
		25259D592723B4E200C280BE /* Missile.cpp in Sources */ = {isa = PBXBuildFile; fileRef = 25259D572723B4E200C280BE /* Missile.cpp */; };
		25B012AD271B808300B86C3C /* main.cpp in Sources */ = {isa = PBXBuildFile; fileRef = 25B012AC271B808300B86C3C /* main.cpp */; };
/* End PBXBuildFile section */

/* Begin PBXFileReference section */
		25259D432720C76500C280BE /* blip.wav */ = {isa = PBXFileReference; lastKnownFileType = audio.wav; path = blip.wav; sourceTree = "<group>"; };
		25259D4A272216A500C280BE /* Constants.h */ = {isa = PBXFileReference; lastKnownFileType = sourcecode.c.h; path = Constants.h; sourceTree = "<group>"; };
		25259D4B2722173100C280BE /* Spaceship.cpp */ = {isa = PBXFileReference; lastKnownFileType = sourcecode.cpp.cpp; path = Spaceship.cpp; sourceTree = "<group>"; };
		25259D4C2722173100C280BE /* Spaceship.hpp */ = {isa = PBXFileReference; lastKnownFileType = sourcecode.cpp.h; path = Spaceship.hpp; sourceTree = "<group>"; };
		25259D4E2722180500C280BE /* Asteroid.cpp */ = {isa = PBXFileReference; lastKnownFileType = sourcecode.cpp.cpp; path = Asteroid.cpp; sourceTree = "<group>"; };
		25259D4F2722180500C280BE /* Asteroid.hpp */ = {isa = PBXFileReference; lastKnownFileType = sourcecode.cpp.h; path = Asteroid.hpp; sourceTree = "<group>"; };
		25259D572723B4E200C280BE /* Missile.cpp */ = {isa = PBXFileReference; lastKnownFileType = sourcecode.cpp.cpp; path = Missile.cpp; sourceTree = "<group>"; };
		25259D582723B4E200C280BE /* Missile.hpp */ = {isa = PBXFileReference; lastKnownFileType = sourcecode.cpp.h; path = Missile.hpp; sourceTree = "<group>"; };
		25B012A9271B808300B86C3C /* Asteroid */ = {isa = PBXFileReference; explicitFileType = "compiled.mach-o.executable"; includeInIndex = 0; path = Asteroid; sourceTree = BUILT_PRODUCTS_DIR; };
		25B012AC271B808300B86C3C /* main.cpp */ = {isa = PBXFileReference; lastKnownFileType = sourcecode.cpp.cpp; path = main.cpp; sourceTree = "<group>"; };
/* End PBXFileReference section */

/* Begin PBXFrameworksBuildPhase section */
		25B012A7271B808300B86C3C /* Frameworks */ = {
			isa = PBXFrameworksBuildPhase;
			buildActionMask = 2147483647;
			files = (
			);
			runOnlyForDeploymentPostprocessing = 0;
		};
/* End PBXFrameworksBuildPhase section */

/* Begin PBXGroup section */
		25B012A1271B808300B86C3C = {
			isa = PBXGroup;
			children = (
				25259D432720C76500C280BE /* blip.wav */,
				25B012AB271B808300B86C3C /* Asteroid */,
				25B012AA271B808300B86C3C /* Products */,
			);
			sourceTree = "<group>";
		};
		25B012AA271B808300B86C3C /* Products */ = {
			isa = PBXGroup;
			children = (
				25B012A9271B808300B86C3C /* Asteroid */,
			);
			name = Products;
			sourceTree = "<group>";
		};
		25B012AB271B808300B86C3C /* Asteroid */ = {
			isa = PBXGroup;
			children = (
				25B012AC271B808300B86C3C /* main.cpp */,
				25259D4A272216A500C280BE /* Constants.h */,
				25259D4B2722173100C280BE /* Spaceship.cpp */,
				25259D4C2722173100C280BE /* Spaceship.hpp */,
				25259D4E2722180500C280BE /* Asteroid.cpp */,
				25259D4F2722180500C280BE /* Asteroid.hpp */,
				25259D572723B4E200C280BE /* Missile.cpp */,
				25259D582723B4E200C280BE /* Missile.hpp */,
			);
			path = Asteroid;
			sourceTree = "<group>";
		};
/* End PBXGroup section */

/* Begin PBXNativeTarget section */
		25B012A8271B808300B86C3C /* Asteroid */ = {
			isa = PBXNativeTarget;
			buildConfigurationList = 25B012B5271B808300B86C3C /* Build configuration list for PBXNativeTarget "Asteroid" */;
			buildPhases = (
				25B012A6271B808300B86C3C /* Sources */,
				25B012A7271B808300B86C3C /* Frameworks */,
			);
			buildRules = (
			);
			dependencies = (
			);
			name = Asteroid;
			productName = Asteroid;
			productReference = 25B012A9271B808300B86C3C /* Asteroid */;
			productType = "com.apple.product-type.tool";
		};
/* End PBXNativeTarget section */

/* Begin PBXProject section */
		25B012A2271B808300B86C3C /* Project object */ = {
			isa = PBXProject;
			attributes = {
				LastUpgradeCheck = 1250;
				ORGANIZATIONNAME = "Ryan Smith";
				TargetAttributes = {
					25B012A8271B808300B86C3C = {
						CreatedOnToolsVersion = 12.5.1;
					};
				};
			};
			buildConfigurationList = 25B012A5271B808300B86C3C /* Build configuration list for PBXProject "Asteroid" */;
			compatibilityVersion = "Xcode 9.3";
			developmentRegion = en;
			hasScannedForEncodings = 0;
			knownRegions = (
				en,
				Base,
			);
			mainGroup = 25B012A1271B808300B86C3C;
			productRefGroup = 25B012AA271B808300B86C3C /* Products */;
			projectDirPath = "";
			projectRoot = "";
			targets = (
				25B012A8271B808300B86C3C /* Asteroid */,
			);
		};
/* End PBXProject section */

/* Begin PBXSourcesBuildPhase section */
		25B012A6271B808300B86C3C /* Sources */ = {
			isa = PBXSourcesBuildPhase;
			buildActionMask = 2147483647;
			files = (
				25259D4D2722173100C280BE /* Spaceship.cpp in Sources */,
				25259D502722180500C280BE /* Asteroid.cpp in Sources */,
				25259D592723B4E200C280BE /* Missile.cpp in Sources */,
				25B012AD271B808300B86C3C /* main.cpp in Sources */,
			);
			runOnlyForDeploymentPostprocessing = 0;
		};
/* End PBXSourcesBuildPhase section */

/* Begin XCBuildConfiguration section */
		25B012B3271B808300B86C3C /* Debug */ = {
			isa = XCBuildConfiguration;
			buildSettings = {
				ARCHS = "$(NATIVE_ARCH_ACTUAL)";
				CLANG_CXX_LANGUAGE_STANDARD = "c++11";
				CLANG_CXX_LIBRARY = "libc++";
				FRAMEWORK_SEARCH_PATHS = (
					/Library/Frameworks/,
					"$(inherited)",
				);
				GCC_VERSION = com.apple.compilers.llvm.clang.1_0;
				HEADER_SEARCH_PATHS = (
					/usr/local/include/,
					"$(inherited)",
				);
				LIBRARY_SEARCH_PATHS = (
					/usr/local/lib/,
					"$(inherited)",
				);
				MACOSX_DEPLOYMENT_TARGET = 10.7;
				OTHER_LDFLAGS = (
					"$(inherited)",
					"$(SFML_SYSTEM)",
					"$(SFML_WINDOW)",
					"$(SFML_GRAPHICS)",
					"$(SFML_AUDIO)",
					"$(SFML_NETWORK)",
				);
				SFML_AUDIO = "$(SFML_LINK_PREFIX) sfml-audio$(SFML_LINK_SUFFIX)";
				SFML_BINARY_TYPE = FRAMEWORKS;
				SFML_GRAPHICS = "$(SFML_LINK_PREFIX) sfml-graphics$(SFML_LINK_SUFFIX)";
				SFML_LINK_DYLIBS_PREFIX = "-l";
				SFML_LINK_DYLIBS_SUFFIX = "";
				SFML_LINK_FRAMEWORKS_PREFIX = "-framework";
				SFML_LINK_FRAMEWORKS_SUFFIX = "";
				SFML_LINK_PREFIX = "$(SFML_LINK_$(SFML_BINARY_TYPE)_PREFIX)";
				SFML_LINK_SUFFIX = "$(SFML_LINK_$(SFML_BINARY_TYPE)_SUFFIX)";
				SFML_NETWORK = "$(SFML_LINK_PREFIX) sfml-network$(SFML_LINK_SUFFIX)";
				SFML_SYSTEM = "$(SFML_LINK_PREFIX) sfml-system$(SFML_LINK_SUFFIX)";
				SFML_WINDOW = "$(SFML_LINK_PREFIX) sfml-window$(SFML_LINK_SUFFIX)";
				SUPPORTED_PLATFORMS = macosx;
			};
			name = Debug;
		};
		25B012B4271B808300B86C3C /* Release */ = {
			isa = XCBuildConfiguration;
			buildSettings = {
				ARCHS = "$(NATIVE_ARCH_ACTUAL)";
				CLANG_CXX_LANGUAGE_STANDARD = "c++11";
				CLANG_CXX_LIBRARY = "libc++";
				FRAMEWORK_SEARCH_PATHS = (
					/Library/Frameworks/,
					"$(inherited)",
				);
				GCC_VERSION = com.apple.compilers.llvm.clang.1_0;
				HEADER_SEARCH_PATHS = (
					/usr/local/include/,
					"$(inherited)",
				);
				LIBRARY_SEARCH_PATHS = (
					/usr/local/lib/,
					"$(inherited)",
				);
				MACOSX_DEPLOYMENT_TARGET = 10.7;
				OTHER_LDFLAGS = (
					"$(inherited)",
					"$(SFML_SYSTEM)",
					"$(SFML_WINDOW)",
					"$(SFML_GRAPHICS)",
					"$(SFML_AUDIO)",
					"$(SFML_NETWORK)",
				);
				SFML_AUDIO = "$(SFML_LINK_PREFIX) sfml-audio$(SFML_LINK_SUFFIX)";
				SFML_BINARY_TYPE = FRAMEWORKS;
				SFML_GRAPHICS = "$(SFML_LINK_PREFIX) sfml-graphics$(SFML_LINK_SUFFIX)";
				SFML_LINK_DYLIBS_PREFIX = "-l";
				SFML_LINK_DYLIBS_SUFFIX = "";
				SFML_LINK_FRAMEWORKS_PREFIX = "-framework";
				SFML_LINK_FRAMEWORKS_SUFFIX = "";
				SFML_LINK_PREFIX = "$(SFML_LINK_$(SFML_BINARY_TYPE)_PREFIX)";
				SFML_LINK_SUFFIX = "$(SFML_LINK_$(SFML_BINARY_TYPE)_SUFFIX)";
				SFML_NETWORK = "$(SFML_LINK_PREFIX) sfml-network$(SFML_LINK_SUFFIX)";
				SFML_SYSTEM = "$(SFML_LINK_PREFIX) sfml-system$(SFML_LINK_SUFFIX)";
				SFML_WINDOW = "$(SFML_LINK_PREFIX) sfml-window$(SFML_LINK_SUFFIX)";
				SUPPORTED_PLATFORMS = macosx;
			};
			name = Release;
		};
		25B012B6271B808300B86C3C /* Debug */ = {
			isa = XCBuildConfiguration;
			buildSettings = {
				CODE_SIGN_STYLE = Automatic;
				PRODUCT_NAME = "$(TARGET_NAME)";
			};
			name = Debug;
		};
		25B012B7271B808300B86C3C /* Release */ = {
			isa = XCBuildConfiguration;
			buildSettings = {
				CODE_SIGN_STYLE = Automatic;
				PRODUCT_NAME = "$(TARGET_NAME)";
			};
			name = Release;
		};
/* End XCBuildConfiguration section */

/* Begin XCConfigurationList section */
		25B012A5271B808300B86C3C /* Build configuration list for PBXProject "Asteroid" */ = {
			isa = XCConfigurationList;
			buildConfigurations = (
				25B012B3271B808300B86C3C /* Debug */,
				25B012B4271B808300B86C3C /* Release */,
			);
			defaultConfigurationIsVisible = 0;
			defaultConfigurationName = Release;
		};
		25B012B5271B808300B86C3C /* Build configuration list for PBXNativeTarget "Asteroid" */ = {
			isa = XCConfigurationList;
			buildConfigurations = (
				25B012B6271B808300B86C3C /* Debug */,
				25B012B7271B808300B86C3C /* Release */,
			);
			defaultConfigurationIsVisible = 0;
			defaultConfigurationName = Release;
		};
/* End XCConfigurationList section */
	};
	rootObject = 25B012A2271B808300B86C3C /* Project object */;
}
